
Microsoft Visual Studio Solution File, Format Version 12.00
# Visual Studio Version 16
VisualStudioVersion = 16.0.30907.101
MinimumVisualStudioVersion = 10.0.40219.1
Project("{9A19103F-16F7-4668-BE54-9A1E7A4F7556}") = "BlazorCalendar", "BlazorCalendar\BlazorCalendar.csproj", "{7E03DD8F-4501-4C9B-8BDE-E9B7EBC54CAD}"
EndProject
Global
	GlobalSection(SolutionConfigurationPlatforms) = preSolution
		Debug|Any CPU = Debug|Any CPU
		Release|Any CPU = Release|Any CPU
	EndGlobalSection
	GlobalSection(ProjectConfigurationPlatforms) = postSolution
		{7E03DD8F-4501-4C9B-8BDE-E9B7EBC54CAD}.Debug|Any CPU.ActiveCfg = Debug|Any CPU
		{7E03DD8F-4501-4C9B-8BDE-E9B7EBC54CAD}.Debug|Any CPU.Build.0 = Debug|Any CPU
		{7E03DD8F-4501-4C9B-8BDE-E9B7EBC54CAD}.Release|Any CPU.ActiveCfg = Release|Any CPU
		{7E03DD8F-4501-4C9B-8BDE-E9B7EBC54CAD}.Release|Any CPU.Build.0 = Release|Any CPU
	EndGlobalSection
	GlobalSection(SolutionProperties) = preSolution
		HideSolutionNode = FALSE
	EndGlobalSection
	GlobalSection(ExtensibilityGlobals) = postSolution
		SolutionGuid = {17C5160D-8111-4966-B960-87BF16C05608}
	EndGlobalSection
EndGlobal
